// !$*UTF8*$!
{
	archiveVersion = 1;
	classes = {
	};
	objectVersion = 50;
	objects = {

/* Begin PBXBuildFile section */
		4B087100220D3EFD00ABD553 /* AuthServiceError.swift in Sources */ = {isa = PBXBuildFile; fileRef = 4B0870FF220D3EFD00ABD553 /* AuthServiceError.swift */; };
		4B3319FA2213E7120095032E /* TextField.swift in Sources */ = {isa = PBXBuildFile; fileRef = 4B3319F92213E7120095032E /* TextField.swift */; };
		4B39EF0E22177F0300A36A06 /* LocationService.swift in Sources */ = {isa = PBXBuildFile; fileRef = 4B39EF0D22177F0300A36A06 /* LocationService.swift */; };
		4B44D5872208D7E9005FEF14 /* Application.swift in Sources */ = {isa = PBXBuildFile; fileRef = 4B44D5862208D7E9005FEF14 /* Application.swift */; };
		4B44D58E2208D7EC005FEF14 /* Assets.xcassets in Resources */ = {isa = PBXBuildFile; fileRef = 4B44D58D2208D7EC005FEF14 /* Assets.xcassets */; };
		4B44D5912208D7EC005FEF14 /* LaunchScreen.storyboard in Resources */ = {isa = PBXBuildFile; fileRef = 4B44D58F2208D7EC005FEF14 /* LaunchScreen.storyboard */; };
		4B44D5B62208E76B005FEF14 /* GoogleService-Info.plist in Resources */ = {isa = PBXBuildFile; fileRef = 4B44D5B52208E76B005FEF14 /* GoogleService-Info.plist */; };
		4B4947C72214D77D00462D1A /* AuthServiceBase.swift in Sources */ = {isa = PBXBuildFile; fileRef = 4B4947C62214D77D00462D1A /* AuthServiceBase.swift */; };
		4B49B2DE22127CFC00EF6C74 /* UserDefaultsService.swift in Sources */ = {isa = PBXBuildFile; fileRef = 4B49B2DD22127CFC00EF6C74 /* UserDefaultsService.swift */; };
		4B49B2E522127F2900EF6C74 /* WelcomeControllerViewModel.swift in Sources */ = {isa = PBXBuildFile; fileRef = 4B49B2E422127F2900EF6C74 /* WelcomeControllerViewModel.swift */; };
		4B49B2E722127F4500EF6C74 /* WelcomeViewController.swift in Sources */ = {isa = PBXBuildFile; fileRef = 4B49B2E622127F4500EF6C74 /* WelcomeViewController.swift */; };
		4B49B2EA22128C5D00EF6C74 /* ViewConfig.swift in Sources */ = {isa = PBXBuildFile; fileRef = 4B49B2E922128C5D00EF6C74 /* ViewConfig.swift */; };
		4B49B3082212961A00EF6C74 /* SignUpControllerViewModel.swift in Sources */ = {isa = PBXBuildFile; fileRef = 4B49B3072212961A00EF6C74 /* SignUpControllerViewModel.swift */; };
		4B49B30A2212963300EF6C74 /* SignUpViewController.swift in Sources */ = {isa = PBXBuildFile; fileRef = 4B49B3092212963300EF6C74 /* SignUpViewController.swift */; };
		4B49B30C2212964400EF6C74 /* SignInViewController.swift in Sources */ = {isa = PBXBuildFile; fileRef = 4B49B30B2212964400EF6C74 /* SignInViewController.swift */; };
		4B49B30E2212965B00EF6C74 /* FriendsViewController.swift in Sources */ = {isa = PBXBuildFile; fileRef = 4B49B30D2212965B00EF6C74 /* FriendsViewController.swift */; };
		4B49B3102212966B00EF6C74 /* EventsViewController.swift in Sources */ = {isa = PBXBuildFile; fileRef = 4B49B30F2212966B00EF6C74 /* EventsViewController.swift */; };
		4B49B3122212967800EF6C74 /* ChatsViewController.swift in Sources */ = {isa = PBXBuildFile; fileRef = 4B49B3112212967800EF6C74 /* ChatsViewController.swift */; };
		4B49B3142212968C00EF6C74 /* GameViewController.swift in Sources */ = {isa = PBXBuildFile; fileRef = 4B49B3132212968C00EF6C74 /* GameViewController.swift */; };
		4B49B316221296A000EF6C74 /* SettingsViewController.swift in Sources */ = {isa = PBXBuildFile; fileRef = 4B49B315221296A000EF6C74 /* SettingsViewController.swift */; };
		4B49B32422129ABC00EF6C74 /* SignInControllerViewModel.swift in Sources */ = {isa = PBXBuildFile; fileRef = 4B49B32322129ABC00EF6C74 /* SignInControllerViewModel.swift */; };
		4B49B32622129AE300EF6C74 /* FriendsControllerViewModel.swift in Sources */ = {isa = PBXBuildFile; fileRef = 4B49B32522129AE300EF6C74 /* FriendsControllerViewModel.swift */; };
		4B49B32822129AFF00EF6C74 /* EventsControllerViewModel.swift in Sources */ = {isa = PBXBuildFile; fileRef = 4B49B32722129AFF00EF6C74 /* EventsControllerViewModel.swift */; };
		4B49B32A22129B3500EF6C74 /* ChatsControllerViewModel.swift in Sources */ = {isa = PBXBuildFile; fileRef = 4B49B32922129B3500EF6C74 /* ChatsControllerViewModel.swift */; };
		4B49B32C22129B5600EF6C74 /* GameControllerViewModel.swift in Sources */ = {isa = PBXBuildFile; fileRef = 4B49B32B22129B5600EF6C74 /* GameControllerViewModel.swift */; };
		4B49B32E22129B7C00EF6C74 /* SettingsControllerViewModel.swift in Sources */ = {isa = PBXBuildFile; fileRef = 4B49B32D22129B7C00EF6C74 /* SettingsControllerViewModel.swift */; };
		4B83B2FD220F44D900C549AA /* UserService.swift in Sources */ = {isa = PBXBuildFile; fileRef = 4B83B2FC220F44D900C549AA /* UserService.swift */; };
		4B83B300220F496C00C549AA /* User.swift in Sources */ = {isa = PBXBuildFile; fileRef = 4B83B2FF220F496C00C549AA /* User.swift */; };
		4B83B302220F67C600C549AA /* UserServiceError.swift in Sources */ = {isa = PBXBuildFile; fileRef = 4B83B301220F67C600C549AA /* UserServiceError.swift */; };
		4B8E96482218BC8C001694C8 /* ImagePicker.swift in Sources */ = {isa = PBXBuildFile; fileRef = 4B8E96472218BC8C001694C8 /* ImagePicker.swift */; };
		4B8E964A2218BCDB001694C8 /* ImagePickerActionSheet.swift in Sources */ = {isa = PBXBuildFile; fileRef = 4B8E96492218BCDB001694C8 /* ImagePickerActionSheet.swift */; };
		4B8E964C2218BD18001694C8 /* ImagePickerAction.swift in Sources */ = {isa = PBXBuildFile; fileRef = 4B8E964B2218BD17001694C8 /* ImagePickerAction.swift */; };
		4BAB7A4722160B35003EB418 /* ImageService.swift in Sources */ = {isa = PBXBuildFile; fileRef = 4BAB7A4622160B35003EB418 /* ImageService.swift */; };
		4BAB7A4922160C04003EB418 /* ImageServiceError.swift in Sources */ = {isa = PBXBuildFile; fileRef = 4BAB7A4822160C04003EB418 /* ImageServiceError.swift */; };
		4BB7591C2211FE58009E305B /* RootViewController.swift in Sources */ = {isa = PBXBuildFile; fileRef = 4BB7591B2211FE58009E305B /* RootViewController.swift */; };
		4BB7591E2211FE6E009E305B /* RootTabBarViewController.swift in Sources */ = {isa = PBXBuildFile; fileRef = 4BB7591D2211FE6E009E305B /* RootTabBarViewController.swift */; };
		4BD8CF62220A445600E0C6F5 /* R.generated.swift in Sources */ = {isa = PBXBuildFile; fileRef = 4BD8CF61220A445600E0C6F5 /* R.generated.swift */; };
		4BD8CF7E220A4A3E00E0C6F5 /* View.swift in Sources */ = {isa = PBXBuildFile; fileRef = 4BD8CF7D220A4A3E00E0C6F5 /* View.swift */; };
		4BD8CF80220A4A5C00E0C6F5 /* Button.swift in Sources */ = {isa = PBXBuildFile; fileRef = 4BD8CF7F220A4A5C00E0C6F5 /* Button.swift */; };
		4BD8CF8E220A4F9E00E0C6F5 /* Types.swift in Sources */ = {isa = PBXBuildFile; fileRef = 4BD8CF8D220A4F9E00E0C6F5 /* Types.swift */; };
		4BD8CF9E220A557700E0C6F5 /* OpenSans-Italic.ttf in Resources */ = {isa = PBXBuildFile; fileRef = 4BD8CF94220A557600E0C6F5 /* OpenSans-Italic.ttf */; };
		4BD8CF9F220A557700E0C6F5 /* OpenSans-Bold.ttf in Resources */ = {isa = PBXBuildFile; fileRef = 4BD8CF95220A557600E0C6F5 /* OpenSans-Bold.ttf */; };
		4BD8CFA0220A557700E0C6F5 /* OpenSans-ExtraBoldItalic.ttf in Resources */ = {isa = PBXBuildFile; fileRef = 4BD8CF96220A557600E0C6F5 /* OpenSans-ExtraBoldItalic.ttf */; };
		4BD8CFA1220A557700E0C6F5 /* OpenSans-SemiboldItalic.ttf in Resources */ = {isa = PBXBuildFile; fileRef = 4BD8CF97220A557600E0C6F5 /* OpenSans-SemiboldItalic.ttf */; };
		4BD8CFA2220A557700E0C6F5 /* OpenSans-BoldItalic.ttf in Resources */ = {isa = PBXBuildFile; fileRef = 4BD8CF98220A557700E0C6F5 /* OpenSans-BoldItalic.ttf */; };
		4BD8CFA3220A557700E0C6F5 /* OpenSans-LightItalic.ttf in Resources */ = {isa = PBXBuildFile; fileRef = 4BD8CF99220A557700E0C6F5 /* OpenSans-LightItalic.ttf */; };
		4BD8CFA4220A557700E0C6F5 /* OpenSans-ExtraBold.ttf in Resources */ = {isa = PBXBuildFile; fileRef = 4BD8CF9A220A557700E0C6F5 /* OpenSans-ExtraBold.ttf */; };
		4BD8CFA5220A557700E0C6F5 /* OpenSans-Regular.ttf in Resources */ = {isa = PBXBuildFile; fileRef = 4BD8CF9B220A557700E0C6F5 /* OpenSans-Regular.ttf */; };
		4BD8CFA6220A557700E0C6F5 /* OpenSans-Light.ttf in Resources */ = {isa = PBXBuildFile; fileRef = 4BD8CF9C220A557700E0C6F5 /* OpenSans-Light.ttf */; };
		4BD8CFA7220A557700E0C6F5 /* OpenSans-Semibold.ttf in Resources */ = {isa = PBXBuildFile; fileRef = 4BD8CF9D220A557700E0C6F5 /* OpenSans-Semibold.ttf */; };
		4BD8CFAB220A567100E0C6F5 /* Font.swift in Sources */ = {isa = PBXBuildFile; fileRef = 4BD8CFAA220A567100E0C6F5 /* Font.swift */; };
		4BD8CFB3220A594100E0C6F5 /* Reusable.swift in Sources */ = {isa = PBXBuildFile; fileRef = 4BD8CFB2220A594100E0C6F5 /* Reusable.swift */; };
		4BD8CFB6220A59BA00E0C6F5 /* UITableViewReusable.swift in Sources */ = {isa = PBXBuildFile; fileRef = 4BD8CFB5220A59BA00E0C6F5 /* UITableViewReusable.swift */; };
		4BD8CFB9220A5AD500E0C6F5 /* UICollectionViewReusable.swift in Sources */ = {isa = PBXBuildFile; fileRef = 4BD8CFB8220A5AD500E0C6F5 /* UICollectionViewReusable.swift */; };
		4BD8CFC2220A5D1400E0C6F5 /* UserInputValidator.swift in Sources */ = {isa = PBXBuildFile; fileRef = 4BD8CFC1220A5D1400E0C6F5 /* UserInputValidator.swift */; };
		4BD8CFC4220A5DC300E0C6F5 /* UserInputError.swift in Sources */ = {isa = PBXBuildFile; fileRef = 4BD8CFC3220A5DC300E0C6F5 /* UserInputError.swift */; };
		4BDAF6AC220B716F006AD329 /* EmailAuthService.swift in Sources */ = {isa = PBXBuildFile; fileRef = 4BDAF6AB220B716F006AD329 /* EmailAuthService.swift */; };
		4BDAF6AE220B7180006AD329 /* FacebookAuthService.swift in Sources */ = {isa = PBXBuildFile; fileRef = 4BDAF6AD220B7180006AD329 /* FacebookAuthService.swift */; };
		7F09F18985B3098CD0DA3BB5 /* Pods_FamillyOrganizer.framework in Frameworks */ = {isa = PBXBuildFile; fileRef = 3E1035FD427EBD97E6209FA0 /* Pods_FamillyOrganizer.framework */; };
/* End PBXBuildFile section */

/* Begin PBXFileReference section */
		39B9EB50827781FE90ADD3E5 /* Pods-FamillyOrganizer.debug.xcconfig */ = {isa = PBXFileReference; includeInIndex = 1; lastKnownFileType = text.xcconfig; name = "Pods-FamillyOrganizer.debug.xcconfig"; path = "Pods/Target Support Files/Pods-FamillyOrganizer/Pods-FamillyOrganizer.debug.xcconfig"; sourceTree = "<group>"; };
		3E1035FD427EBD97E6209FA0 /* Pods_FamillyOrganizer.framework */ = {isa = PBXFileReference; explicitFileType = wrapper.framework; includeInIndex = 0; path = Pods_FamillyOrganizer.framework; sourceTree = BUILT_PRODUCTS_DIR; };
		4B0870FF220D3EFD00ABD553 /* AuthServiceError.swift */ = {isa = PBXFileReference; lastKnownFileType = sourcecode.swift; path = AuthServiceError.swift; sourceTree = "<group>"; };
		4B3319F92213E7120095032E /* TextField.swift */ = {isa = PBXFileReference; lastKnownFileType = sourcecode.swift; path = TextField.swift; sourceTree = "<group>"; };
		4B39EF0D22177F0300A36A06 /* LocationService.swift */ = {isa = PBXFileReference; lastKnownFileType = sourcecode.swift; path = LocationService.swift; sourceTree = "<group>"; };
		4B44D5832208D7E9005FEF14 /* FamillyOrganizer.app */ = {isa = PBXFileReference; explicitFileType = wrapper.application; includeInIndex = 0; path = FamillyOrganizer.app; sourceTree = BUILT_PRODUCTS_DIR; };
		4B44D5862208D7E9005FEF14 /* Application.swift */ = {isa = PBXFileReference; lastKnownFileType = sourcecode.swift; path = Application.swift; sourceTree = "<group>"; };
		4B44D58D2208D7EC005FEF14 /* Assets.xcassets */ = {isa = PBXFileReference; lastKnownFileType = folder.assetcatalog; path = Assets.xcassets; sourceTree = "<group>"; };
		4B44D5902208D7EC005FEF14 /* Base */ = {isa = PBXFileReference; lastKnownFileType = file.storyboard; name = Base; path = Base.lproj/LaunchScreen.storyboard; sourceTree = "<group>"; };
		4B44D5922208D7EC005FEF14 /* Info.plist */ = {isa = PBXFileReference; lastKnownFileType = text.plist.xml; path = Info.plist; sourceTree = "<group>"; };
		4B44D5B52208E76B005FEF14 /* GoogleService-Info.plist */ = {isa = PBXFileReference; fileEncoding = 4; lastKnownFileType = text.plist.xml; path = "GoogleService-Info.plist"; sourceTree = "<group>"; };
		4B4947C62214D77D00462D1A /* AuthServiceBase.swift */ = {isa = PBXFileReference; lastKnownFileType = sourcecode.swift; path = AuthServiceBase.swift; sourceTree = "<group>"; };
		4B49B2DD22127CFC00EF6C74 /* UserDefaultsService.swift */ = {isa = PBXFileReference; lastKnownFileType = sourcecode.swift; path = UserDefaultsService.swift; sourceTree = "<group>"; };
		4B49B2E422127F2900EF6C74 /* WelcomeControllerViewModel.swift */ = {isa = PBXFileReference; lastKnownFileType = sourcecode.swift; path = WelcomeControllerViewModel.swift; sourceTree = "<group>"; };
		4B49B2E622127F4500EF6C74 /* WelcomeViewController.swift */ = {isa = PBXFileReference; lastKnownFileType = sourcecode.swift; path = WelcomeViewController.swift; sourceTree = "<group>"; };
		4B49B2E922128C5D00EF6C74 /* ViewConfig.swift */ = {isa = PBXFileReference; lastKnownFileType = sourcecode.swift; path = ViewConfig.swift; sourceTree = "<group>"; };
		4B49B3072212961A00EF6C74 /* SignUpControllerViewModel.swift */ = {isa = PBXFileReference; lastKnownFileType = sourcecode.swift; path = SignUpControllerViewModel.swift; sourceTree = "<group>"; };
		4B49B3092212963300EF6C74 /* SignUpViewController.swift */ = {isa = PBXFileReference; lastKnownFileType = sourcecode.swift; path = SignUpViewController.swift; sourceTree = "<group>"; };
		4B49B30B2212964400EF6C74 /* SignInViewController.swift */ = {isa = PBXFileReference; lastKnownFileType = sourcecode.swift; path = SignInViewController.swift; sourceTree = "<group>"; };
		4B49B30D2212965B00EF6C74 /* FriendsViewController.swift */ = {isa = PBXFileReference; lastKnownFileType = sourcecode.swift; path = FriendsViewController.swift; sourceTree = "<group>"; };
		4B49B30F2212966B00EF6C74 /* EventsViewController.swift */ = {isa = PBXFileReference; lastKnownFileType = sourcecode.swift; path = EventsViewController.swift; sourceTree = "<group>"; };
		4B49B3112212967800EF6C74 /* ChatsViewController.swift */ = {isa = PBXFileReference; lastKnownFileType = sourcecode.swift; path = ChatsViewController.swift; sourceTree = "<group>"; };
		4B49B3132212968C00EF6C74 /* GameViewController.swift */ = {isa = PBXFileReference; lastKnownFileType = sourcecode.swift; path = GameViewController.swift; sourceTree = "<group>"; };
		4B49B315221296A000EF6C74 /* SettingsViewController.swift */ = {isa = PBXFileReference; lastKnownFileType = sourcecode.swift; path = SettingsViewController.swift; sourceTree = "<group>"; };
		4B49B32322129ABC00EF6C74 /* SignInControllerViewModel.swift */ = {isa = PBXFileReference; lastKnownFileType = sourcecode.swift; path = SignInControllerViewModel.swift; sourceTree = "<group>"; };
		4B49B32522129AE300EF6C74 /* FriendsControllerViewModel.swift */ = {isa = PBXFileReference; lastKnownFileType = sourcecode.swift; path = FriendsControllerViewModel.swift; sourceTree = "<group>"; };
		4B49B32722129AFF00EF6C74 /* EventsControllerViewModel.swift */ = {isa = PBXFileReference; lastKnownFileType = sourcecode.swift; path = EventsControllerViewModel.swift; sourceTree = "<group>"; };
		4B49B32922129B3500EF6C74 /* ChatsControllerViewModel.swift */ = {isa = PBXFileReference; lastKnownFileType = sourcecode.swift; path = ChatsControllerViewModel.swift; sourceTree = "<group>"; };
		4B49B32B22129B5600EF6C74 /* GameControllerViewModel.swift */ = {isa = PBXFileReference; lastKnownFileType = sourcecode.swift; path = GameControllerViewModel.swift; sourceTree = "<group>"; };
		4B49B32D22129B7C00EF6C74 /* SettingsControllerViewModel.swift */ = {isa = PBXFileReference; lastKnownFileType = sourcecode.swift; path = SettingsControllerViewModel.swift; sourceTree = "<group>"; };
		4B83B2FC220F44D900C549AA /* UserService.swift */ = {isa = PBXFileReference; lastKnownFileType = sourcecode.swift; path = UserService.swift; sourceTree = "<group>"; };
		4B83B2FF220F496C00C549AA /* User.swift */ = {isa = PBXFileReference; lastKnownFileType = sourcecode.swift; path = User.swift; sourceTree = "<group>"; };
		4B83B301220F67C600C549AA /* UserServiceError.swift */ = {isa = PBXFileReference; lastKnownFileType = sourcecode.swift; path = UserServiceError.swift; sourceTree = "<group>"; };
		4B8E96472218BC8C001694C8 /* ImagePicker.swift */ = {isa = PBXFileReference; lastKnownFileType = sourcecode.swift; path = ImagePicker.swift; sourceTree = "<group>"; };
		4B8E96492218BCDB001694C8 /* ImagePickerActionSheet.swift */ = {isa = PBXFileReference; lastKnownFileType = sourcecode.swift; path = ImagePickerActionSheet.swift; sourceTree = "<group>"; };
		4B8E964B2218BD17001694C8 /* ImagePickerAction.swift */ = {isa = PBXFileReference; lastKnownFileType = sourcecode.swift; path = ImagePickerAction.swift; sourceTree = "<group>"; };
		4BAB7A4622160B35003EB418 /* ImageService.swift */ = {isa = PBXFileReference; lastKnownFileType = sourcecode.swift; path = ImageService.swift; sourceTree = "<group>"; };
		4BAB7A4822160C04003EB418 /* ImageServiceError.swift */ = {isa = PBXFileReference; lastKnownFileType = sourcecode.swift; path = ImageServiceError.swift; sourceTree = "<group>"; };
		4BB7591B2211FE58009E305B /* RootViewController.swift */ = {isa = PBXFileReference; lastKnownFileType = sourcecode.swift; path = RootViewController.swift; sourceTree = "<group>"; };
		4BB7591D2211FE6E009E305B /* RootTabBarViewController.swift */ = {isa = PBXFileReference; lastKnownFileType = sourcecode.swift; path = RootTabBarViewController.swift; sourceTree = "<group>"; };
		4BD8CF61220A445600E0C6F5 /* R.generated.swift */ = {isa = PBXFileReference; fileEncoding = 4; lastKnownFileType = sourcecode.swift; path = R.generated.swift; sourceTree = "<group>"; };
		4BD8CF7D220A4A3E00E0C6F5 /* View.swift */ = {isa = PBXFileReference; lastKnownFileType = sourcecode.swift; path = View.swift; sourceTree = "<group>"; };
		4BD8CF7F220A4A5C00E0C6F5 /* Button.swift */ = {isa = PBXFileReference; lastKnownFileType = sourcecode.swift; path = Button.swift; sourceTree = "<group>"; };
		4BD8CF8D220A4F9E00E0C6F5 /* Types.swift */ = {isa = PBXFileReference; lastKnownFileType = sourcecode.swift; path = Types.swift; sourceTree = "<group>"; };
		4BD8CF94220A557600E0C6F5 /* OpenSans-Italic.ttf */ = {isa = PBXFileReference; lastKnownFileType = file; path = "OpenSans-Italic.ttf"; sourceTree = "<group>"; };
		4BD8CF95220A557600E0C6F5 /* OpenSans-Bold.ttf */ = {isa = PBXFileReference; lastKnownFileType = file; path = "OpenSans-Bold.ttf"; sourceTree = "<group>"; };
		4BD8CF96220A557600E0C6F5 /* OpenSans-ExtraBoldItalic.ttf */ = {isa = PBXFileReference; lastKnownFileType = file; path = "OpenSans-ExtraBoldItalic.ttf"; sourceTree = "<group>"; };
		4BD8CF97220A557600E0C6F5 /* OpenSans-SemiboldItalic.ttf */ = {isa = PBXFileReference; lastKnownFileType = file; path = "OpenSans-SemiboldItalic.ttf"; sourceTree = "<group>"; };
		4BD8CF98220A557700E0C6F5 /* OpenSans-BoldItalic.ttf */ = {isa = PBXFileReference; lastKnownFileType = file; path = "OpenSans-BoldItalic.ttf"; sourceTree = "<group>"; };
		4BD8CF99220A557700E0C6F5 /* OpenSans-LightItalic.ttf */ = {isa = PBXFileReference; lastKnownFileType = file; path = "OpenSans-LightItalic.ttf"; sourceTree = "<group>"; };
		4BD8CF9A220A557700E0C6F5 /* OpenSans-ExtraBold.ttf */ = {isa = PBXFileReference; lastKnownFileType = file; path = "OpenSans-ExtraBold.ttf"; sourceTree = "<group>"; };
		4BD8CF9B220A557700E0C6F5 /* OpenSans-Regular.ttf */ = {isa = PBXFileReference; lastKnownFileType = file; path = "OpenSans-Regular.ttf"; sourceTree = "<group>"; };
		4BD8CF9C220A557700E0C6F5 /* OpenSans-Light.ttf */ = {isa = PBXFileReference; lastKnownFileType = file; path = "OpenSans-Light.ttf"; sourceTree = "<group>"; };
		4BD8CF9D220A557700E0C6F5 /* OpenSans-Semibold.ttf */ = {isa = PBXFileReference; lastKnownFileType = file; path = "OpenSans-Semibold.ttf"; sourceTree = "<group>"; };
		4BD8CFAA220A567100E0C6F5 /* Font.swift */ = {isa = PBXFileReference; lastKnownFileType = sourcecode.swift; path = Font.swift; sourceTree = "<group>"; };
		4BD8CFB2220A594100E0C6F5 /* Reusable.swift */ = {isa = PBXFileReference; lastKnownFileType = sourcecode.swift; path = Reusable.swift; sourceTree = "<group>"; };
		4BD8CFB5220A59BA00E0C6F5 /* UITableViewReusable.swift */ = {isa = PBXFileReference; lastKnownFileType = sourcecode.swift; path = UITableViewReusable.swift; sourceTree = "<group>"; };
		4BD8CFB8220A5AD500E0C6F5 /* UICollectionViewReusable.swift */ = {isa = PBXFileReference; lastKnownFileType = sourcecode.swift; path = UICollectionViewReusable.swift; sourceTree = "<group>"; };
		4BD8CFC1220A5D1400E0C6F5 /* UserInputValidator.swift */ = {isa = PBXFileReference; lastKnownFileType = sourcecode.swift; path = UserInputValidator.swift; sourceTree = "<group>"; };
		4BD8CFC3220A5DC300E0C6F5 /* UserInputError.swift */ = {isa = PBXFileReference; lastKnownFileType = sourcecode.swift; path = UserInputError.swift; sourceTree = "<group>"; };
		4BDAF6AB220B716F006AD329 /* EmailAuthService.swift */ = {isa = PBXFileReference; lastKnownFileType = sourcecode.swift; path = EmailAuthService.swift; sourceTree = "<group>"; };
		4BDAF6AD220B7180006AD329 /* FacebookAuthService.swift */ = {isa = PBXFileReference; lastKnownFileType = sourcecode.swift; path = FacebookAuthService.swift; sourceTree = "<group>"; };
		8BD17FA9E4F5A73C298B947C /* Pods-FamillyOrganizer.release.xcconfig */ = {isa = PBXFileReference; includeInIndex = 1; lastKnownFileType = text.xcconfig; name = "Pods-FamillyOrganizer.release.xcconfig"; path = "Pods/Target Support Files/Pods-FamillyOrganizer/Pods-FamillyOrganizer.release.xcconfig"; sourceTree = "<group>"; };
/* End PBXFileReference section */

/* Begin PBXFrameworksBuildPhase section */
		4B44D5802208D7E9005FEF14 /* Frameworks */ = {
			isa = PBXFrameworksBuildPhase;
			buildActionMask = 2147483647;
			files = (
				7F09F18985B3098CD0DA3BB5 /* Pods_FamillyOrganizer.framework in Frameworks */,
			);
			runOnlyForDeploymentPostprocessing = 0;
		};
/* End PBXFrameworksBuildPhase section */

/* Begin PBXGroup section */
		4B39EF0C22177EEF00A36A06 /* Location */ = {
			isa = PBXGroup;
			children = (
				4B39EF0D22177F0300A36A06 /* LocationService.swift */,
			);
			path = Location;
			sourceTree = "<group>";
		};
		4B44D57A2208D7E9005FEF14 = {
			isa = PBXGroup;
			children = (
				4B44D5852208D7E9005FEF14 /* Source */,
				4B44D5842208D7E9005FEF14 /* Products */,
				B93874519070A1A466673031 /* Pods */,
				C55615BA2114CC9DC12105E0 /* Frameworks */,
			);
			sourceTree = "<group>";
		};
		4B44D5842208D7E9005FEF14 /* Products */ = {
			isa = PBXGroup;
			children = (
				4B44D5832208D7E9005FEF14 /* FamillyOrganizer.app */,
			);
			name = Products;
			sourceTree = "<group>";
		};
		4B44D5852208D7E9005FEF14 /* Source */ = {
			isa = PBXGroup;
			children = (
				4B44D5982208D8E7005FEF14 /* App */,
				4B44D5992208D908005FEF14 /* DataLayer */,
				4B44D59B2208D91A005FEF14 /* BusinessLayer */,
				4B44D59C2208D929005FEF14 /* PresentationLayer */,
			);
			path = Source;
			sourceTree = "<group>";
		};
		4B44D5982208D8E7005FEF14 /* App */ = {
			isa = PBXGroup;
			children = (
				4B44D59E2208D97C005FEF14 /* Support */,
				4B44D5A02208DAA6005FEF14 /* Global */,
				4B44D59F2208D9B0005FEF14 /* Resources */,
			);
			path = App;
			sourceTree = "<group>";
		};
		4B44D5992208D908005FEF14 /* DataLayer */ = {
			isa = PBXGroup;
			children = (
				4BD8CFC5220A5E5600E0C6F5 /* Datatypes */,
				4BD8CFC0220A5CF200E0C6F5 /* Validation */,
			);
			path = DataLayer;
			sourceTree = "<group>";
		};
		4B44D59B2208D91A005FEF14 /* BusinessLayer */ = {
			isa = PBXGroup;
			children = (
				4B49B2DC22127CD800EF6C74 /* Navigation */,
				4BDAF6AA220B7135006AD329 /* Networking */,
			);
			path = BusinessLayer;
			sourceTree = "<group>";
		};
		4B44D59C2208D929005FEF14 /* PresentationLayer */ = {
			isa = PBXGroup;
			children = (
				4BD8CF60220A439100E0C6F5 /* Autogeneration */,
				4BD8CFAC220A569700E0C6F5 /* Modules */,
				4BD8CF7B220A4A1800E0C6F5 /* Views */,
				4B49B2E822128C4700EF6C74 /* Colors */,
				4BD8CFA9220A566400E0C6F5 /* Font */,
				4BD8CF91220A53E800E0C6F5 /* LaunchScreen */,
				4BD8CFB0220A590800E0C6F5 /* Extensions */,
			);
			path = PresentationLayer;
			sourceTree = "<group>";
		};
		4B44D59E2208D97C005FEF14 /* Support */ = {
			isa = PBXGroup;
			children = (
				4B44D5862208D7E9005FEF14 /* Application.swift */,
				4B44D5B52208E76B005FEF14 /* GoogleService-Info.plist */,
				4B44D5922208D7EC005FEF14 /* Info.plist */,
			);
			path = Support;
			sourceTree = "<group>";
		};
		4B44D59F2208D9B0005FEF14 /* Resources */ = {
			isa = PBXGroup;
			children = (
				4BD8CF92220A553500E0C6F5 /* Fonts */,
				4B44D58D2208D7EC005FEF14 /* Assets.xcassets */,
			);
			path = Resources;
			sourceTree = "<group>";
		};
		4B44D5A02208DAA6005FEF14 /* Global */ = {
			isa = PBXGroup;
			children = (
				4BD8CF8D220A4F9E00E0C6F5 /* Types.swift */,
			);
			path = Global;
			sourceTree = "<group>";
		};
		4B49B2DC22127CD800EF6C74 /* Navigation */ = {
			isa = PBXGroup;
			children = (
				4B49B2DD22127CFC00EF6C74 /* UserDefaultsService.swift */,
			);
			path = Navigation;
			sourceTree = "<group>";
		};
		4B49B2E022127E9C00EF6C74 /* ViewModel */ = {
			isa = PBXGroup;
			children = (
				4B49B2E422127F2900EF6C74 /* WelcomeControllerViewModel.swift */,
			);
			path = ViewModel;
			sourceTree = "<group>";
		};
		4B49B2E122127EA200EF6C74 /* Controller */ = {
			isa = PBXGroup;
			children = (
				4B49B2E622127F4500EF6C74 /* WelcomeViewController.swift */,
			);
			path = Controller;
			sourceTree = "<group>";
		};
		4B49B2E822128C4700EF6C74 /* Colors */ = {
			isa = PBXGroup;
			children = (
				4B49B2E922128C5D00EF6C74 /* ViewConfig.swift */,
			);
			path = Colors;
			sourceTree = "<group>";
		};
		4B49B2EB22128FFC00EF6C74 /* Friends */ = {
			isa = PBXGroup;
			children = (
				4B49B2F1221293FF00EF6C74 /* ViewModel */,
				4B49B2F22212940500EF6C74 /* Controller */,
			);
			path = Friends;
			sourceTree = "<group>";
		};
		4B49B2EC2212900400EF6C74 /* Chats */ = {
			isa = PBXGroup;
			children = (
				4B49B2F72212942E00EF6C74 /* ViewModel */,
				4B49B2F62212942700EF6C74 /* Controller */,
			);
			path = Chats;
			sourceTree = "<group>";
		};
		4B49B2ED2212900C00EF6C74 /* Events */ = {
			isa = PBXGroup;
			children = (
				4B49B2F42212941A00EF6C74 /* ViewModel */,
				4B49B2F52212942000EF6C74 /* Controller */,
			);
			path = Events;
			sourceTree = "<group>";
		};
		4B49B2EE2212912C00EF6C74 /* Settings */ = {
			isa = PBXGroup;
			children = (
				4B49B2FD2212946600EF6C74 /* ViewModel */,
				4B49B2FE2212946D00EF6C74 /* Controller */,
			);
			path = Settings;
			sourceTree = "<group>";
		};
		4B49B2EF2212914300EF6C74 /* Game */ = {
			isa = PBXGroup;
			children = (
				4B49B2FB2212945000EF6C74 /* ViewModel */,
				4B49B2F92212944200EF6C74 /* Controller */,
			);
			path = Game;
			sourceTree = "<group>";
		};
		4B49B2F1221293FF00EF6C74 /* ViewModel */ = {
			isa = PBXGroup;
			children = (
				4B49B32522129AE300EF6C74 /* FriendsControllerViewModel.swift */,
			);
			path = ViewModel;
			sourceTree = "<group>";
		};
		4B49B2F22212940500EF6C74 /* Controller */ = {
			isa = PBXGroup;
			children = (
				4B49B30D2212965B00EF6C74 /* FriendsViewController.swift */,
			);
			path = Controller;
			sourceTree = "<group>";
		};
		4B49B2F42212941A00EF6C74 /* ViewModel */ = {
			isa = PBXGroup;
			children = (
				4B49B32722129AFF00EF6C74 /* EventsControllerViewModel.swift */,
			);
			path = ViewModel;
			sourceTree = "<group>";
		};
		4B49B2F52212942000EF6C74 /* Controller */ = {
			isa = PBXGroup;
			children = (
				4B49B30F2212966B00EF6C74 /* EventsViewController.swift */,
			);
			path = Controller;
			sourceTree = "<group>";
		};
		4B49B2F62212942700EF6C74 /* Controller */ = {
			isa = PBXGroup;
			children = (
				4B49B3112212967800EF6C74 /* ChatsViewController.swift */,
			);
			path = Controller;
			sourceTree = "<group>";
		};
		4B49B2F72212942E00EF6C74 /* ViewModel */ = {
			isa = PBXGroup;
			children = (
				4B49B32922129B3500EF6C74 /* ChatsControllerViewModel.swift */,
			);
			path = ViewModel;
			sourceTree = "<group>";
		};
		4B49B2F92212944200EF6C74 /* Controller */ = {
			isa = PBXGroup;
			children = (
				4B49B3132212968C00EF6C74 /* GameViewController.swift */,
			);
			path = Controller;
			sourceTree = "<group>";
		};
		4B49B2FB2212945000EF6C74 /* ViewModel */ = {
			isa = PBXGroup;
			children = (
				4B49B32B22129B5600EF6C74 /* GameControllerViewModel.swift */,
			);
			path = ViewModel;
			sourceTree = "<group>";
		};
		4B49B2FD2212946600EF6C74 /* ViewModel */ = {
			isa = PBXGroup;
			children = (
				4B49B32D22129B7C00EF6C74 /* SettingsControllerViewModel.swift */,
			);
			path = ViewModel;
			sourceTree = "<group>";
		};
		4B49B2FE2212946D00EF6C74 /* Controller */ = {
			isa = PBXGroup;
			children = (
				4B49B315221296A000EF6C74 /* SettingsViewController.swift */,
			);
			path = Controller;
			sourceTree = "<group>";
		};
		4B49B3002212948B00EF6C74 /* ViewModel */ = {
			isa = PBXGroup;
			children = (
				4B49B3072212961A00EF6C74 /* SignUpControllerViewModel.swift */,
			);
			path = ViewModel;
			sourceTree = "<group>";
		};
		4B49B3012212949300EF6C74 /* Controller */ = {
			isa = PBXGroup;
			children = (
				4B49B3092212963300EF6C74 /* SignUpViewController.swift */,
			);
			path = Controller;
			sourceTree = "<group>";
		};
		4B49B3022212949C00EF6C74 /* Controller */ = {
			isa = PBXGroup;
			children = (
				4B49B30B2212964400EF6C74 /* SignInViewController.swift */,
			);
			path = Controller;
			sourceTree = "<group>";
		};
		4B49B304221294A800EF6C74 /* ViewModel */ = {
			isa = PBXGroup;
			children = (
				4B49B32322129ABC00EF6C74 /* SignInControllerViewModel.swift */,
			);
			path = ViewModel;
			sourceTree = "<group>";
		};
		4B83B2FA220F43E900C549AA /* Auth */ = {
			isa = PBXGroup;
			children = (
				4B0870FF220D3EFD00ABD553 /* AuthServiceError.swift */,
				4B4947C62214D77D00462D1A /* AuthServiceBase.swift */,
				4BDAF6AB220B716F006AD329 /* EmailAuthService.swift */,
				4BDAF6AD220B7180006AD329 /* FacebookAuthService.swift */,
			);
			path = Auth;
			sourceTree = "<group>";
		};
		4B83B2FB220F43F500C549AA /* User */ = {
			isa = PBXGroup;
			children = (
				4B83B301220F67C600C549AA /* UserServiceError.swift */,
				4B83B2FC220F44D900C549AA /* UserService.swift */,
			);
			path = User;
			sourceTree = "<group>";
		};
		4B83B2FE220F495400C549AA /* User */ = {
			isa = PBXGroup;
			children = (
				4B83B2FF220F496C00C549AA /* User.swift */,
			);
			path = User;
			sourceTree = "<group>";
		};
		4B8E96462218BC7C001694C8 /* ImagePicker */ = {
			isa = PBXGroup;
			children = (
				4B8E96472218BC8C001694C8 /* ImagePicker.swift */,
				4B8E96492218BCDB001694C8 /* ImagePickerActionSheet.swift */,
				4B8E964B2218BD17001694C8 /* ImagePickerAction.swift */,
			);
			path = ImagePicker;
			sourceTree = "<group>";
		};
		4BAB7A4522160AF4003EB418 /* Data */ = {
			isa = PBXGroup;
			children = (
				4BAB7A4622160B35003EB418 /* ImageService.swift */,
				4BAB7A4822160C04003EB418 /* ImageServiceError.swift */,
			);
			path = Data;
			sourceTree = "<group>";
		};
		4BB7591A2211FE3C009E305B /* Root */ = {
			isa = PBXGroup;
			children = (
				4BB7591B2211FE58009E305B /* RootViewController.swift */,
				4BB7591D2211FE6E009E305B /* RootTabBarViewController.swift */,
			);
			path = Root;
			sourceTree = "<group>";
		};
		4BD8CF60220A439100E0C6F5 /* Autogeneration */ = {
			isa = PBXGroup;
			children = (
				4BD8CF61220A445600E0C6F5 /* R.generated.swift */,
			);
			path = Autogeneration;
			sourceTree = "<group>";
		};
		4BD8CF7B220A4A1800E0C6F5 /* Views */ = {
			isa = PBXGroup;
			children = (
				4B8E96462218BC7C001694C8 /* ImagePicker */,
				4BD8CF7C220A4A2A00E0C6F5 /* Base */,
				4BD8CFBF220A5C2200E0C6F5 /* CollectionViewCells */,
				4BD8CFBE220A5C1700E0C6F5 /* TableViewCells */,
			);
			path = Views;
			sourceTree = "<group>";
		};
		4BD8CF7C220A4A2A00E0C6F5 /* Base */ = {
			isa = PBXGroup;
			children = (
				4BD8CF7D220A4A3E00E0C6F5 /* View.swift */,
				4BD8CF7F220A4A5C00E0C6F5 /* Button.swift */,
				4B3319F92213E7120095032E /* TextField.swift */,
			);
			path = Base;
			sourceTree = "<group>";
		};
		4BD8CF91220A53E800E0C6F5 /* LaunchScreen */ = {
			isa = PBXGroup;
			children = (
				4B44D58F2208D7EC005FEF14 /* LaunchScreen.storyboard */,
			);
			path = LaunchScreen;
			sourceTree = "<group>";
		};
		4BD8CF92220A553500E0C6F5 /* Fonts */ = {
			isa = PBXGroup;
			children = (
				4BD8CF93220A554600E0C6F5 /* OpenSans */,
			);
			path = Fonts;
			sourceTree = "<group>";
		};
		4BD8CF93220A554600E0C6F5 /* OpenSans */ = {
			isa = PBXGroup;
			children = (
				4BD8CF95220A557600E0C6F5 /* OpenSans-Bold.ttf */,
				4BD8CF98220A557700E0C6F5 /* OpenSans-BoldItalic.ttf */,
				4BD8CF9A220A557700E0C6F5 /* OpenSans-ExtraBold.ttf */,
				4BD8CF96220A557600E0C6F5 /* OpenSans-ExtraBoldItalic.ttf */,
				4BD8CF94220A557600E0C6F5 /* OpenSans-Italic.ttf */,
				4BD8CF9C220A557700E0C6F5 /* OpenSans-Light.ttf */,
				4BD8CF99220A557700E0C6F5 /* OpenSans-LightItalic.ttf */,
				4BD8CF9B220A557700E0C6F5 /* OpenSans-Regular.ttf */,
				4BD8CF9D220A557700E0C6F5 /* OpenSans-Semibold.ttf */,
				4BD8CF97220A557600E0C6F5 /* OpenSans-SemiboldItalic.ttf */,
			);
			path = OpenSans;
			sourceTree = "<group>";
		};
		4BD8CFA9220A566400E0C6F5 /* Font */ = {
			isa = PBXGroup;
			children = (
				4BD8CFAA220A567100E0C6F5 /* Font.swift */,
			);
			path = Font;
			sourceTree = "<group>";
		};
		4BD8CFAC220A569700E0C6F5 /* Modules */ = {
			isa = PBXGroup;
			children = (
				4BB7591A2211FE3C009E305B /* Root */,
				4BDAF6A7220B6E1C006AD329 /* Welcome */,
				4BDAF6A9220B6E4E006AD329 /* SignUp */,
				4BDAF6A8220B6E24006AD329 /* SignIn */,
				4B49B2EB22128FFC00EF6C74 /* Friends */,
				4B49B2ED2212900C00EF6C74 /* Events */,
				4B49B2EC2212900400EF6C74 /* Chats */,
				4B49B2EF2212914300EF6C74 /* Game */,
				4B49B2EE2212912C00EF6C74 /* Settings */,
			);
			path = Modules;
			sourceTree = "<group>";
		};
		4BD8CFB0220A590800E0C6F5 /* Extensions */ = {
			isa = PBXGroup;
			children = (
				4BD8CFB7220A59C600E0C6F5 /* CollectionView */,
				4BD8CFB4220A599B00E0C6F5 /* UITableView */,
				4BD8CFB1220A592500E0C6F5 /* Reusable */,
			);
			path = Extensions;
			sourceTree = "<group>";
		};
		4BD8CFB1220A592500E0C6F5 /* Reusable */ = {
			isa = PBXGroup;
			children = (
				4BD8CFB2220A594100E0C6F5 /* Reusable.swift */,
			);
			path = Reusable;
			sourceTree = "<group>";
		};
		4BD8CFB4220A599B00E0C6F5 /* UITableView */ = {
			isa = PBXGroup;
			children = (
				4BD8CFB5220A59BA00E0C6F5 /* UITableViewReusable.swift */,
			);
			path = UITableView;
			sourceTree = "<group>";
		};
		4BD8CFB7220A59C600E0C6F5 /* CollectionView */ = {
			isa = PBXGroup;
			children = (
				4BD8CFB8220A5AD500E0C6F5 /* UICollectionViewReusable.swift */,
			);
			path = CollectionView;
			sourceTree = "<group>";
		};
		4BD8CFBE220A5C1700E0C6F5 /* TableViewCells */ = {
			isa = PBXGroup;
			children = (
			);
			path = TableViewCells;
			sourceTree = "<group>";
		};
		4BD8CFBF220A5C2200E0C6F5 /* CollectionViewCells */ = {
			isa = PBXGroup;
			children = (
			);
			path = CollectionViewCells;
			sourceTree = "<group>";
		};
		4BD8CFC0220A5CF200E0C6F5 /* Validation */ = {
			isa = PBXGroup;
			children = (
				4BD8CFC1220A5D1400E0C6F5 /* UserInputValidator.swift */,
				4BD8CFC3220A5DC300E0C6F5 /* UserInputError.swift */,
			);
			path = Validation;
			sourceTree = "<group>";
		};
		4BD8CFC5220A5E5600E0C6F5 /* Datatypes */ = {
			isa = PBXGroup;
			children = (
				4B83B2FE220F495400C549AA /* User */,
			);
			path = Datatypes;
			sourceTree = "<group>";
		};
		4BDAF6A7220B6E1C006AD329 /* Welcome */ = {
			isa = PBXGroup;
			children = (
				4B49B2E022127E9C00EF6C74 /* ViewModel */,
				4B49B2E122127EA200EF6C74 /* Controller */,
			);
			path = Welcome;
			sourceTree = "<group>";
		};
		4BDAF6A8220B6E24006AD329 /* SignIn */ = {
			isa = PBXGroup;
			children = (
				4B49B304221294A800EF6C74 /* ViewModel */,
				4B49B3022212949C00EF6C74 /* Controller */,
			);
			path = SignIn;
			sourceTree = "<group>";
		};
		4BDAF6A9220B6E4E006AD329 /* SignUp */ = {
			isa = PBXGroup;
			children = (
				4B49B3002212948B00EF6C74 /* ViewModel */,
				4B49B3012212949300EF6C74 /* Controller */,
			);
			path = SignUp;
			sourceTree = "<group>";
		};
		4BDAF6AA220B7135006AD329 /* Networking */ = {
			isa = PBXGroup;
			children = (
				4B39EF0C22177EEF00A36A06 /* Location */,
				4BAB7A4522160AF4003EB418 /* Data */,
				4B83B2FA220F43E900C549AA /* Auth */,
				4B83B2FB220F43F500C549AA /* User */,
			);
			path = Networking;
			sourceTree = "<group>";
		};
		B93874519070A1A466673031 /* Pods */ = {
			isa = PBXGroup;
			children = (
				39B9EB50827781FE90ADD3E5 /* Pods-FamillyOrganizer.debug.xcconfig */,
				8BD17FA9E4F5A73C298B947C /* Pods-FamillyOrganizer.release.xcconfig */,
			);
			name = Pods;
			sourceTree = "<group>";
		};
		C55615BA2114CC9DC12105E0 /* Frameworks */ = {
			isa = PBXGroup;
			children = (
				3E1035FD427EBD97E6209FA0 /* Pods_FamillyOrganizer.framework */,
			);
			name = Frameworks;
			sourceTree = "<group>";
		};
/* End PBXGroup section */

/* Begin PBXNativeTarget section */
		4B44D5822208D7E9005FEF14 /* FamillyOrganizer */ = {
			isa = PBXNativeTarget;
			buildConfigurationList = 4B44D5952208D7EC005FEF14 /* Build configuration list for PBXNativeTarget "FamillyOrganizer" */;
			buildPhases = (
				6958100D686C2564BA1557BB /* [CP] Check Pods Manifest.lock */,
				4B44D5AF2208E162005FEF14 /* Run Script */,
				4B44D57F2208D7E9005FEF14 /* Sources */,
				4B44D5802208D7E9005FEF14 /* Frameworks */,
				4B44D5812208D7E9005FEF14 /* Resources */,
				B2A20303ED5A4B42A8173854 /* [CP] Embed Pods Frameworks */,
			);
			buildRules = (
			);
			dependencies = (
			);
			name = FamillyOrganizer;
			productName = FamillyOrganizer;
			productReference = 4B44D5832208D7E9005FEF14 /* FamillyOrganizer.app */;
			productType = "com.apple.product-type.application";
		};
/* End PBXNativeTarget section */

/* Begin PBXProject section */
		4B44D57B2208D7E9005FEF14 /* Project object */ = {
			isa = PBXProject;
			attributes = {
				LastSwiftUpdateCheck = 1010;
				LastUpgradeCheck = 1010;
				ORGANIZATIONNAME = "Yurii Tsymbala";
				TargetAttributes = {
					4B44D5822208D7E9005FEF14 = {
						CreatedOnToolsVersion = 10.1;
					};
				};
			};
			buildConfigurationList = 4B44D57E2208D7E9005FEF14 /* Build configuration list for PBXProject "FamillyOrganizer" */;
			compatibilityVersion = "Xcode 9.3";
			developmentRegion = en;
			hasScannedForEncodings = 0;
			knownRegions = (
				en,
				Base,
			);
			mainGroup = 4B44D57A2208D7E9005FEF14;
			productRefGroup = 4B44D5842208D7E9005FEF14 /* Products */;
			projectDirPath = "";
			projectRoot = "";
			targets = (
				4B44D5822208D7E9005FEF14 /* FamillyOrganizer */,
			);
		};
/* End PBXProject section */

/* Begin PBXResourcesBuildPhase section */
		4B44D5812208D7E9005FEF14 /* Resources */ = {
			isa = PBXResourcesBuildPhase;
			buildActionMask = 2147483647;
			files = (
				4B44D5912208D7EC005FEF14 /* LaunchScreen.storyboard in Resources */,
				4BD8CFA5220A557700E0C6F5 /* OpenSans-Regular.ttf in Resources */,
				4BD8CFA0220A557700E0C6F5 /* OpenSans-ExtraBoldItalic.ttf in Resources */,
				4BD8CFA7220A557700E0C6F5 /* OpenSans-Semibold.ttf in Resources */,
				4BD8CF9E220A557700E0C6F5 /* OpenSans-Italic.ttf in Resources */,
				4BD8CFA1220A557700E0C6F5 /* OpenSans-SemiboldItalic.ttf in Resources */,
				4B44D58E2208D7EC005FEF14 /* Assets.xcassets in Resources */,
				4BD8CFA6220A557700E0C6F5 /* OpenSans-Light.ttf in Resources */,
				4BD8CF9F220A557700E0C6F5 /* OpenSans-Bold.ttf in Resources */,
				4BD8CFA2220A557700E0C6F5 /* OpenSans-BoldItalic.ttf in Resources */,
				4B44D5B62208E76B005FEF14 /* GoogleService-Info.plist in Resources */,
				4BD8CFA3220A557700E0C6F5 /* OpenSans-LightItalic.ttf in Resources */,
				4BD8CFA4220A557700E0C6F5 /* OpenSans-ExtraBold.ttf in Resources */,
			);
			runOnlyForDeploymentPostprocessing = 0;
		};
/* End PBXResourcesBuildPhase section */

/* Begin PBXShellScriptBuildPhase section */
		4B44D5AF2208E162005FEF14 /* Run Script */ = {
			isa = PBXShellScriptBuildPhase;
			buildActionMask = 2147483647;
			files = (
			);
			inputFileListPaths = (
			);
			inputPaths = (
				"$TEMP_DIR/rswift-lastrun",
			);
			name = "Run Script";
			outputFileListPaths = (
			);
			outputPaths = (
				$SRCROOT/Source/PresentationLayer/Autogeneration/R.generated.swift,
			);
			runOnlyForDeploymentPostprocessing = 0;
			shellPath = /bin/sh;
			shellScript = "\"$PODS_ROOT/R.swift/rswift\" generate \"$SRCROOT/Source/PresentationLayer/Autogeneration/R.generated.swift\"\n";
		};
		6958100D686C2564BA1557BB /* [CP] Check Pods Manifest.lock */ = {
			isa = PBXShellScriptBuildPhase;
			buildActionMask = 2147483647;
			files = (
			);
			inputFileListPaths = (
			);
			inputPaths = (
				"${PODS_PODFILE_DIR_PATH}/Podfile.lock",
				"${PODS_ROOT}/Manifest.lock",
			);
			name = "[CP] Check Pods Manifest.lock";
			outputFileListPaths = (
			);
			outputPaths = (
				"$(DERIVED_FILE_DIR)/Pods-FamillyOrganizer-checkManifestLockResult.txt",
			);
			runOnlyForDeploymentPostprocessing = 0;
			shellPath = /bin/sh;
			shellScript = "diff \"${PODS_PODFILE_DIR_PATH}/Podfile.lock\" \"${PODS_ROOT}/Manifest.lock\" > /dev/null\nif [ $? != 0 ] ; then\n    # print error to STDERR\n    echo \"error: The sandbox is not in sync with the Podfile.lock. Run 'pod install' or update your CocoaPods installation.\" >&2\n    exit 1\nfi\n# This output is used by Xcode 'outputs' to avoid re-running this script phase.\necho \"SUCCESS\" > \"${SCRIPT_OUTPUT_FILE_0}\"\n";
			showEnvVarsInLog = 0;
		};
		B2A20303ED5A4B42A8173854 /* [CP] Embed Pods Frameworks */ = {
			isa = PBXShellScriptBuildPhase;
			buildActionMask = 2147483647;
			files = (
			);
			inputFileListPaths = (
			);
			inputPaths = (
				"${SRCROOT}/Pods/Target Support Files/Pods-FamillyOrganizer/Pods-FamillyOrganizer-frameworks.sh",
				"${BUILT_PRODUCTS_DIR}/BoringSSL-GRPC/openssl_grpc.framework",
				"${BUILT_PRODUCTS_DIR}/GTMSessionFetcher/GTMSessionFetcher.framework",
				"${BUILT_PRODUCTS_DIR}/GoogleUtilities/GoogleUtilities.framework",
				"${BUILT_PRODUCTS_DIR}/Permission/Permission.framework",
				"${BUILT_PRODUCTS_DIR}/Protobuf/Protobuf.framework",
				"${BUILT_PRODUCTS_DIR}/R.swift.Library/Rswift.framework",
				"${BUILT_PRODUCTS_DIR}/SnapKit/SnapKit.framework",
				"${BUILT_PRODUCTS_DIR}/gRPC-C++/grpcpp.framework",
				"${BUILT_PRODUCTS_DIR}/gRPC-Core/grpc.framework",
				"${BUILT_PRODUCTS_DIR}/leveldb-library/leveldb.framework",
				"${BUILT_PRODUCTS_DIR}/nanopb/nanopb.framework",
			);
			name = "[CP] Embed Pods Frameworks";
			outputFileListPaths = (
			);
			outputPaths = (
				"${TARGET_BUILD_DIR}/${FRAMEWORKS_FOLDER_PATH}/openssl_grpc.framework",
				"${TARGET_BUILD_DIR}/${FRAMEWORKS_FOLDER_PATH}/GTMSessionFetcher.framework",
				"${TARGET_BUILD_DIR}/${FRAMEWORKS_FOLDER_PATH}/GoogleUtilities.framework",
				"${TARGET_BUILD_DIR}/${FRAMEWORKS_FOLDER_PATH}/Permission.framework",
				"${TARGET_BUILD_DIR}/${FRAMEWORKS_FOLDER_PATH}/Protobuf.framework",
				"${TARGET_BUILD_DIR}/${FRAMEWORKS_FOLDER_PATH}/Rswift.framework",
				"${TARGET_BUILD_DIR}/${FRAMEWORKS_FOLDER_PATH}/SnapKit.framework",
				"${TARGET_BUILD_DIR}/${FRAMEWORKS_FOLDER_PATH}/grpcpp.framework",
				"${TARGET_BUILD_DIR}/${FRAMEWORKS_FOLDER_PATH}/grpc.framework",
				"${TARGET_BUILD_DIR}/${FRAMEWORKS_FOLDER_PATH}/leveldb.framework",
				"${TARGET_BUILD_DIR}/${FRAMEWORKS_FOLDER_PATH}/nanopb.framework",
			);
			runOnlyForDeploymentPostprocessing = 0;
			shellPath = /bin/sh;
			shellScript = "\"${SRCROOT}/Pods/Target Support Files/Pods-FamillyOrganizer/Pods-FamillyOrganizer-frameworks.sh\"\n";
			showEnvVarsInLog = 0;
		};
/* End PBXShellScriptBuildPhase section */

/* Begin PBXSourcesBuildPhase section */
		4B44D57F2208D7E9005FEF14 /* Sources */ = {
			isa = PBXSourcesBuildPhase;
			buildActionMask = 2147483647;
			files = (
				4B83B300220F496C00C549AA /* User.swift in Sources */,
				4B44D5872208D7E9005FEF14 /* Application.swift in Sources */,
				4B83B2FD220F44D900C549AA /* UserService.swift in Sources */,
				4B3319FA2213E7120095032E /* TextField.swift in Sources */,
				4BD8CFB9220A5AD500E0C6F5 /* UICollectionViewReusable.swift in Sources */,
				4BAB7A4722160B35003EB418 /* ImageService.swift in Sources */,
				4B49B3082212961A00EF6C74 /* SignUpControllerViewModel.swift in Sources */,
				4BD8CF8E220A4F9E00E0C6F5 /* Types.swift in Sources */,
				4B49B32822129AFF00EF6C74 /* EventsControllerViewModel.swift in Sources */,
				4B49B3102212966B00EF6C74 /* EventsViewController.swift in Sources */,
				4B087100220D3EFD00ABD553 /* AuthServiceError.swift in Sources */,
				4B49B2EA22128C5D00EF6C74 /* ViewConfig.swift in Sources */,
				4B8E964C2218BD18001694C8 /* ImagePickerAction.swift in Sources */,
				4B49B32422129ABC00EF6C74 /* SignInControllerViewModel.swift in Sources */,
				4BAB7A4922160C04003EB418 /* ImageServiceError.swift in Sources */,
				4BB7591C2211FE58009E305B /* RootViewController.swift in Sources */,
				4BD8CFC2220A5D1400E0C6F5 /* UserInputValidator.swift in Sources */,
				4B49B32622129AE300EF6C74 /* FriendsControllerViewModel.swift in Sources */,
				4B49B2DE22127CFC00EF6C74 /* UserDefaultsService.swift in Sources */,
				4B4947C72214D77D00462D1A /* AuthServiceBase.swift in Sources */,
				4BB7591E2211FE6E009E305B /* RootTabBarViewController.swift in Sources */,
				4B49B2E522127F2900EF6C74 /* WelcomeControllerViewModel.swift in Sources */,
				4B83B302220F67C600C549AA /* UserServiceError.swift in Sources */,
				4B49B32C22129B5600EF6C74 /* GameControllerViewModel.swift in Sources */,
				4B49B32E22129B7C00EF6C74 /* SettingsControllerViewModel.swift in Sources */,
				4BD8CFC4220A5DC300E0C6F5 /* UserInputError.swift in Sources */,
				4BD8CF62220A445600E0C6F5 /* R.generated.swift in Sources */,
				4BDAF6AC220B716F006AD329 /* EmailAuthService.swift in Sources */,
				4B39EF0E22177F0300A36A06 /* LocationService.swift in Sources */,
				4BD8CFB3220A594100E0C6F5 /* Reusable.swift in Sources */,
				4BD8CF7E220A4A3E00E0C6F5 /* View.swift in Sources */,
				4B49B3122212967800EF6C74 /* ChatsViewController.swift in Sources */,
				4B49B3142212968C00EF6C74 /* GameViewController.swift in Sources */,
				4B49B2E722127F4500EF6C74 /* WelcomeViewController.swift in Sources */,
				4B49B30E2212965B00EF6C74 /* FriendsViewController.swift in Sources */,
				4B8E96482218BC8C001694C8 /* ImagePicker.swift in Sources */,
				4B49B30C2212964400EF6C74 /* SignInViewController.swift in Sources */,
				4B49B316221296A000EF6C74 /* SettingsViewController.swift in Sources */,
				4BDAF6AE220B7180006AD329 /* FacebookAuthService.swift in Sources */,
				4BD8CFAB220A567100E0C6F5 /* Font.swift in Sources */,
				4B8E964A2218BCDB001694C8 /* ImagePickerActionSheet.swift in Sources */,
				4BD8CF80220A4A5C00E0C6F5 /* Button.swift in Sources */,
				4BD8CFB6220A59BA00E0C6F5 /* UITableViewReusable.swift in Sources */,
				4B49B32A22129B3500EF6C74 /* ChatsControllerViewModel.swift in Sources */,
				4B49B30A2212963300EF6C74 /* SignUpViewController.swift in Sources */,
			);
			runOnlyForDeploymentPostprocessing = 0;
		};
/* End PBXSourcesBuildPhase section */

/* Begin PBXVariantGroup section */
		4B44D58F2208D7EC005FEF14 /* LaunchScreen.storyboard */ = {
			isa = PBXVariantGroup;
			children = (
				4B44D5902208D7EC005FEF14 /* Base */,
			);
			name = LaunchScreen.storyboard;
			sourceTree = "<group>";
		};
/* End PBXVariantGroup section */

/* Begin XCBuildConfiguration section */
		4B44D5932208D7EC005FEF14 /* Debug */ = {
			isa = XCBuildConfiguration;
			buildSettings = {
				ALWAYS_SEARCH_USER_PATHS = NO;
				CLANG_ANALYZER_NONNULL = YES;
				CLANG_ANALYZER_NUMBER_OBJECT_CONVERSION = YES_AGGRESSIVE;
				CLANG_CXX_LANGUAGE_STANDARD = "gnu++14";
				CLANG_CXX_LIBRARY = "libc++";
				CLANG_ENABLE_MODULES = YES;
				CLANG_ENABLE_OBJC_ARC = YES;
				CLANG_ENABLE_OBJC_WEAK = YES;
				CLANG_WARN_BLOCK_CAPTURE_AUTORELEASING = YES;
				CLANG_WARN_BOOL_CONVERSION = YES;
				CLANG_WARN_COMMA = YES;
				CLANG_WARN_CONSTANT_CONVERSION = YES;
				CLANG_WARN_DEPRECATED_OBJC_IMPLEMENTATIONS = YES;
				CLANG_WARN_DIRECT_OBJC_ISA_USAGE = YES_ERROR;
				CLANG_WARN_DOCUMENTATION_COMMENTS = YES;
				CLANG_WARN_EMPTY_BODY = YES;
				CLANG_WARN_ENUM_CONVERSION = YES;
				CLANG_WARN_INFINITE_RECURSION = YES;
				CLANG_WARN_INT_CONVERSION = YES;
				CLANG_WARN_NON_LITERAL_NULL_CONVERSION = YES;
				CLANG_WARN_OBJC_IMPLICIT_RETAIN_SELF = YES;
				CLANG_WARN_OBJC_LITERAL_CONVERSION = YES;
				CLANG_WARN_OBJC_ROOT_CLASS = YES_ERROR;
				CLANG_WARN_RANGE_LOOP_ANALYSIS = YES;
				CLANG_WARN_STRICT_PROTOTYPES = YES;
				CLANG_WARN_SUSPICIOUS_MOVE = YES;
				CLANG_WARN_UNGUARDED_AVAILABILITY = YES_AGGRESSIVE;
				CLANG_WARN_UNREACHABLE_CODE = YES;
				CLANG_WARN__DUPLICATE_METHOD_MATCH = YES;
				CODE_SIGN_IDENTITY = "iPhone Developer";
				COPY_PHASE_STRIP = NO;
				DEBUG_INFORMATION_FORMAT = dwarf;
				ENABLE_STRICT_OBJC_MSGSEND = YES;
				ENABLE_TESTABILITY = YES;
				GCC_C_LANGUAGE_STANDARD = gnu11;
				GCC_DYNAMIC_NO_PIC = NO;
				GCC_NO_COMMON_BLOCKS = YES;
				GCC_OPTIMIZATION_LEVEL = 0;
				GCC_PREPROCESSOR_DEFINITIONS = (
					"DEBUG=1",
					"$(inherited)",
				);
				GCC_WARN_64_TO_32_BIT_CONVERSION = YES;
				GCC_WARN_ABOUT_RETURN_TYPE = YES_ERROR;
				GCC_WARN_UNDECLARED_SELECTOR = YES;
				GCC_WARN_UNINITIALIZED_AUTOS = YES_AGGRESSIVE;
				GCC_WARN_UNUSED_FUNCTION = YES;
				GCC_WARN_UNUSED_VARIABLE = YES;
				IPHONEOS_DEPLOYMENT_TARGET = 12.1;
				MTL_ENABLE_DEBUG_INFO = INCLUDE_SOURCE;
				MTL_FAST_MATH = YES;
				ONLY_ACTIVE_ARCH = YES;
				SDKROOT = iphoneos;
				SWIFT_ACTIVE_COMPILATION_CONDITIONS = DEBUG;
				SWIFT_OPTIMIZATION_LEVEL = "-Onone";
			};
			name = Debug;
		};
		4B44D5942208D7EC005FEF14 /* Release */ = {
			isa = XCBuildConfiguration;
			buildSettings = {
				ALWAYS_SEARCH_USER_PATHS = NO;
				CLANG_ANALYZER_NONNULL = YES;
				CLANG_ANALYZER_NUMBER_OBJECT_CONVERSION = YES_AGGRESSIVE;
				CLANG_CXX_LANGUAGE_STANDARD = "gnu++14";
				CLANG_CXX_LIBRARY = "libc++";
				CLANG_ENABLE_MODULES = YES;
				CLANG_ENABLE_OBJC_ARC = YES;
				CLANG_ENABLE_OBJC_WEAK = YES;
				CLANG_WARN_BLOCK_CAPTURE_AUTORELEASING = YES;
				CLANG_WARN_BOOL_CONVERSION = YES;
				CLANG_WARN_COMMA = YES;
				CLANG_WARN_CONSTANT_CONVERSION = YES;
				CLANG_WARN_DEPRECATED_OBJC_IMPLEMENTATIONS = YES;
				CLANG_WARN_DIRECT_OBJC_ISA_USAGE = YES_ERROR;
				CLANG_WARN_DOCUMENTATION_COMMENTS = YES;
				CLANG_WARN_EMPTY_BODY = YES;
				CLANG_WARN_ENUM_CONVERSION = YES;
				CLANG_WARN_INFINITE_RECURSION = YES;
				CLANG_WARN_INT_CONVERSION = YES;
				CLANG_WARN_NON_LITERAL_NULL_CONVERSION = YES;
				CLANG_WARN_OBJC_IMPLICIT_RETAIN_SELF = YES;
				CLANG_WARN_OBJC_LITERAL_CONVERSION = YES;
				CLANG_WARN_OBJC_ROOT_CLASS = YES_ERROR;
				CLANG_WARN_RANGE_LOOP_ANALYSIS = YES;
				CLANG_WARN_STRICT_PROTOTYPES = YES;
				CLANG_WARN_SUSPICIOUS_MOVE = YES;
				CLANG_WARN_UNGUARDED_AVAILABILITY = YES_AGGRESSIVE;
				CLANG_WARN_UNREACHABLE_CODE = YES;
				CLANG_WARN__DUPLICATE_METHOD_MATCH = YES;
				CODE_SIGN_IDENTITY = "iPhone Developer";
				COPY_PHASE_STRIP = NO;
				DEBUG_INFORMATION_FORMAT = "dwarf-with-dsym";
				ENABLE_NS_ASSERTIONS = NO;
				ENABLE_STRICT_OBJC_MSGSEND = YES;
				GCC_C_LANGUAGE_STANDARD = gnu11;
				GCC_NO_COMMON_BLOCKS = YES;
				GCC_WARN_64_TO_32_BIT_CONVERSION = YES;
				GCC_WARN_ABOUT_RETURN_TYPE = YES_ERROR;
				GCC_WARN_UNDECLARED_SELECTOR = YES;
				GCC_WARN_UNINITIALIZED_AUTOS = YES_AGGRESSIVE;
				GCC_WARN_UNUSED_FUNCTION = YES;
				GCC_WARN_UNUSED_VARIABLE = YES;
				IPHONEOS_DEPLOYMENT_TARGET = 12.1;
				MTL_ENABLE_DEBUG_INFO = NO;
				MTL_FAST_MATH = YES;
				SDKROOT = iphoneos;
				SWIFT_COMPILATION_MODE = wholemodule;
				SWIFT_OPTIMIZATION_LEVEL = "-O";
				VALIDATE_PRODUCT = YES;
			};
			name = Release;
		};
		4B44D5962208D7EC005FEF14 /* Debug */ = {
			isa = XCBuildConfiguration;
			baseConfigurationReference = 39B9EB50827781FE90ADD3E5 /* Pods-FamillyOrganizer.debug.xcconfig */;
			buildSettings = {
				ASSETCATALOG_COMPILER_APPICON_NAME = AppIcon;
				CODE_SIGN_STYLE = Automatic;
				DEVELOPMENT_TEAM = Y8CF7ZMY8K;
				INFOPLIST_FILE = "$(SRCROOT)/Source/App/Support/Info.plist";
				IPHONEOS_DEPLOYMENT_TARGET = 10.0;
				LD_RUNPATH_SEARCH_PATHS = (
					"$(inherited)",
					"@executable_path/Frameworks",
				);
				PRODUCT_BUNDLE_IDENTIFIER = com.yurafloka.FamillyOrganizer;
				PRODUCT_NAME = "$(TARGET_NAME)";
				SWIFT_VERSION = 4.2;
				TARGETED_DEVICE_FAMILY = 1;
			};
			name = Debug;
		};
		4B44D5972208D7EC005FEF14 /* Release */ = {
			isa = XCBuildConfiguration;
			baseConfigurationReference = 8BD17FA9E4F5A73C298B947C /* Pods-FamillyOrganizer.release.xcconfig */;
			buildSettings = {
				ASSETCATALOG_COMPILER_APPICON_NAME = AppIcon;
				CODE_SIGN_STYLE = Automatic;
				DEVELOPMENT_TEAM = Y8CF7ZMY8K;
				INFOPLIST_FILE = "$(SRCROOT)/Source/App/Support/Info.plist";
				IPHONEOS_DEPLOYMENT_TARGET = 10.0;
				LD_RUNPATH_SEARCH_PATHS = (
					"$(inherited)",
					"@executable_path/Frameworks",
				);
				PRODUCT_BUNDLE_IDENTIFIER = com.yurafloka.FamillyOrganizer;
				PRODUCT_NAME = "$(TARGET_NAME)";
				SWIFT_VERSION = 4.2;
				TARGETED_DEVICE_FAMILY = 1;
			};
			name = Release;
		};
/* End XCBuildConfiguration section */

/* Begin XCConfigurationList section */
		4B44D57E2208D7E9005FEF14 /* Build configuration list for PBXProject "FamillyOrganizer" */ = {
			isa = XCConfigurationList;
			buildConfigurations = (
				4B44D5932208D7EC005FEF14 /* Debug */,
				4B44D5942208D7EC005FEF14 /* Release */,
			);
			defaultConfigurationIsVisible = 0;
			defaultConfigurationName = Release;
		};
		4B44D5952208D7EC005FEF14 /* Build configuration list for PBXNativeTarget "FamillyOrganizer" */ = {
			isa = XCConfigurationList;
			buildConfigurations = (
				4B44D5962208D7EC005FEF14 /* Debug */,
				4B44D5972208D7EC005FEF14 /* Release */,
			);
			defaultConfigurationIsVisible = 0;
			defaultConfigurationName = Release;
		};
/* End XCConfigurationList section */
	};
	rootObject = 4B44D57B2208D7E9005FEF14 /* Project object */;
}
